
Microsoft Visual Studio Solution File, Format Version 12.00
# Visual Studio Version 16
VisualStudioVersion = 16.0.33927.289
MinimumVisualStudioVersion = 10.0.40219.1
Project("{2150E333-8FDC-42A3-9474-1A3956D46DE8}") = "Task0", "Task0", "{1C77B00C-9660-4AC6-AD80-BF0F6C1451C7}"
EndProject
Project("{FAE04EC0-301F-11D3-BF4B-00C04F79EFBC}") = "Tyuiu.SafronovSV.Sprint2.Task0.V10", "Tyuiu.SafronovSV.Sprint2.Task0.V10\Tyuiu.SafronovSV.Sprint2.Task0.V10.csproj", "{97566855-E0F5-45A5-B018-058DD5811538}"
EndProject
Project("{FAE04EC0-301F-11D3-BF4B-00C04F79EFBC}") = "Tyuiu.SafronovSV.Sprint2.Task0.V10.Lib", "Tyuiu.SafronovSV.Sprint2.Task0.V10.Lib\Tyuiu.SafronovSV.Sprint2.Task0.V10.Lib.csproj", "{F4185ACC-D700-444D-836F-ED4ED639E616}"
EndProject
Project("{FAE04EC0-301F-11D3-BF4B-00C04F79EFBC}") = "Tyuiu.SafronovSV.Sprint2.Task0.V10.Test", "Tyuiu.SafronovSV.Sprint2.Task0.V10.Test\Tyuiu.SafronovSV.Sprint2.Task0.V10.Test.csproj", "{0E4DC36C-4AAE-46DE-8AC9-BCA629115F68}"
EndProject
Project("{2150E333-8FDC-42A3-9474-1A3956D46DE8}") = "Task1", "Task1", "{0DD70B47-39B3-4A27-8529-6A3018BCA4BE}"
EndProject
Project("{FAE04EC0-301F-11D3-BF4B-00C04F79EFBC}") = "Tyuiu.SafronovSV.Sprint2.Task1.V17", "Tyuiu.SafronovSV.Sprint2.Task1.V17\Tyuiu.SafronovSV.Sprint2.Task1.V17.csproj", "{2CD4E5AC-1762-40E3-9BE3-9F8FDCF67218}"
EndProject
Project("{FAE04EC0-301F-11D3-BF4B-00C04F79EFBC}") = "Tyuiu.SafronovSV.Sprint2.Task1.V17.Lib", "Tyuiu.SafronovSV.Sprint2.Task1.V17.Lib\Tyuiu.SafronovSV.Sprint2.Task1.V17.Lib.csproj", "{F314E4EF-838B-4BF0-80FF-FCA21AB36C98}"
EndProject
Project("{FAE04EC0-301F-11D3-BF4B-00C04F79EFBC}") = "Tyuiu.SafronovSV.Sprint2.Task1.V17.Test", "Tyuiu.SafronovSV.Sprint2.Task1.V17.Test\Tyuiu.SafronovSV.Sprint2.Task1.V17.Test.csproj", "{7191D26D-7DD6-45E5-9A5F-270D2183F470}"
EndProject
Project("{2150E333-8FDC-42A3-9474-1A3956D46DE8}") = "Task2", "Task2", "{8351CDA5-F43F-4AFC-86CB-B0F08A2713E8}"
EndProject
Project("{FAE04EC0-301F-11D3-BF4B-00C04F79EFBC}") = "Tyuiu.SafronovSV.Sprint2.Task2.V9", "Tyuiu.SafronovSV.Sprint2.Task2.V9\Tyuiu.SafronovSV.Sprint2.Task2.V9.csproj", "{15EBB81B-44F7-48C8-BA4A-56A224F1ECB0}"
EndProject
Project("{FAE04EC0-301F-11D3-BF4B-00C04F79EFBC}") = "Tyuiu.SafronovSV.Sprint2.Task2.V9.Lib", "Tyuiu.SafronovSV.Sprint2.Task2.V9.Lib\Tyuiu.SafronovSV.Sprint2.Task2.V9.Lib.csproj", "{71EAB9BE-2B24-4B0C-A37B-38FD4E1A27B8}"
EndProject
Project("{FAE04EC0-301F-11D3-BF4B-00C04F79EFBC}") = "Tyuiu.SafronovSV.Sprint2.Task2.V9.Test", "Tyuiu.SafronovSV.Sprint2.Task2.V9.Test\Tyuiu.SafronovSV.Sprint2.Task2.V9.Test.csproj", "{B57D58DC-CF7F-4CD1-941C-82C7DDF34E39}"
EndProject
Project("{2150E333-8FDC-42A3-9474-1A3956D46DE8}") = "Task3", "Task3", "{DB398DF9-C145-4776-946A-24F2B821408D}"
EndProject
Project("{FAE04EC0-301F-11D3-BF4B-00C04F79EFBC}") = "Tyuiu.SafronovSV.Sprint2.Task3.V18", "Tyuiu.SafronovSV.Sprint2.Task3.V18\Tyuiu.SafronovSV.Sprint2.Task3.V18.csproj", "{BEC9BBA4-BDE1-4B4D-A604-D2A7578C4D4A}"
EndProject
Project("{FAE04EC0-301F-11D3-BF4B-00C04F79EFBC}") = "Tyuiu.SafronovSV.Sprint2.Task3.V18.Lib", "Tyuiu.SafronovSV.Sprint2.Task3.V18.Lib\Tyuiu.SafronovSV.Sprint2.Task3.V18.Lib.csproj", "{FC629CAF-5940-4909-92F9-6B80C88A88DB}"
EndProject
Project("{FAE04EC0-301F-11D3-BF4B-00C04F79EFBC}") = "Tyuiu.SafronovSV.Sprint2.Task3.V18.Test", "Tyuiu.SafronovSV.Sprint2.Task3.V18.Test\Tyuiu.SafronovSV.Sprint2.Task3.V18.Test.csproj", "{E284A23B-9F13-4D7B-B4BF-E4299A93D5CE}"
EndProject
Project("{2150E333-8FDC-42A3-9474-1A3956D46DE8}") = "Task4", "Task4", "{062363C0-C17A-4C3F-B18D-1A8CB6EDED80}"
EndProject
Project("{FAE04EC0-301F-11D3-BF4B-00C04F79EFBC}") = "Tyuiu.SafronovSV.Sprint2.Task4.V20", "Tyuiu.SafronovSV.Sprint2.Task4.V20\Tyuiu.SafronovSV.Sprint2.Task4.V20.csproj", "{6399F354-CCC6-43C4-805E-E1FA41CDE5AA}"
EndProject
Project("{FAE04EC0-301F-11D3-BF4B-00C04F79EFBC}") = "Tyuiu.SafronovSV.Sprint2.Task4.V20.Lib", "Tyuiu.SafronovSV.Sprint2.Task4.V20.Lib\Tyuiu.SafronovSV.Sprint2.Task4.V20.Lib.csproj", "{51F46594-8EF8-4E4E-9460-4AB80242BDBF}"
EndProject
Project("{FAE04EC0-301F-11D3-BF4B-00C04F79EFBC}") = "Tyuiu.SafronovSV.Sprint2.Task4.V20.Test", "Tyuiu.SafronovSV.Sprint2.Task4.V20.Test\Tyuiu.SafronovSV.Sprint2.Task4.V20.Test.csproj", "{E5624EC0-7C86-4FEE-80D1-686F91409DBD}"
EndProject
Project("{2150E333-8FDC-42A3-9474-1A3956D46DE8}") = "Task5", "Task5", "{F7B14C0E-A2D0-4BF1-9163-46DE89C31CD6}"
EndProject
Project("{FAE04EC0-301F-11D3-BF4B-00C04F79EFBC}") = "Tyuiu.SafronovSV.Sprint2.Task5.V12", "Tyuiu.SafronovSV.Sprint2.Task5.V12\Tyuiu.SafronovSV.Sprint2.Task5.V12.csproj", "{A9F95FAC-10AC-4E95-B5D6-0434F79A4DFB}"
EndProject
Project("{FAE04EC0-301F-11D3-BF4B-00C04F79EFBC}") = "Tyuiu.SafronovSV.Sprint2.Task5.V12.Test", "Tyuiu.SafronovSV.Sprint2.Task5.V12.Test\Tyuiu.SafronovSV.Sprint2.Task5.V12.Test.csproj", "{108277CB-C1BA-4BFC-85DA-F6BD457F54E9}"
EndProject
Project("{FAE04EC0-301F-11D3-BF4B-00C04F79EFBC}") = "Tyuiu.SafronovSV.Sprint2.Task5.V12.Lib", "Tyuiu.SafronovSV.Sprint2.Task5.V12.Lib\Tyuiu.SafronovSV.Sprint2.Task5.V12.Lib.csproj", "{106567D2-AB03-444F-A456-B1EA66205560}"
EndProject
Project("{2150E333-8FDC-42A3-9474-1A3956D46DE8}") = "Task6", "Task6", "{25D0FB13-20F2-4C56-AF66-9DFBCFEC4046}"
EndProject
Project("{FAE04EC0-301F-11D3-BF4B-00C04F79EFBC}") = "Tyuiu.SafronovSV.Sprint2.Task6.V15", "Tyuiu.SafronovSV.Sprint2.Task6.V15\Tyuiu.SafronovSV.Sprint2.Task6.V15.csproj", "{5EBB52A3-993D-42A2-BAA9-DEEAF0C7FA97}"
EndProject
Project("{FAE04EC0-301F-11D3-BF4B-00C04F79EFBC}") = "Tyuiu.SafronovSV.Sprint2.Task6.V15.Lib", "Tyuiu.SafronovSV.Sprint2.Task6.V15.Lib\Tyuiu.SafronovSV.Sprint2.Task6.V15.Lib.csproj", "{E628DF9B-1DE1-45C0-872C-43EA43AC7BC2}"
EndProject
Project("{FAE04EC0-301F-11D3-BF4B-00C04F79EFBC}") = "Tyuiu.SafronovSV.Sprint2.Task6.V15.Test", "Tyuiu.SafronovSV.Sprint2.Task6.V15.Test\Tyuiu.SafronovSV.Sprint2.Task6.V15.Test.csproj", "{0F6CB256-8BC7-4843-AADC-3AB8EC7E3455}"
EndProject
Project("{2150E333-8FDC-42A3-9474-1A3956D46DE8}") = "Task7", "Task7", "{0C19255E-A648-46C0-B33A-B9F5B70624BD}"
EndProject
Project("{FAE04EC0-301F-11D3-BF4B-00C04F79EFBC}") = "Tyuiu.SafronovSV.Sprint2.Task7.V11", "Tyuiu.SafronovSV.Sprint2.Task7.V11\Tyuiu.SafronovSV.Sprint2.Task7.V11.csproj", "{BF75C436-9FFD-4583-BD7D-457F685A19EF}"
EndProject
Project("{FAE04EC0-301F-11D3-BF4B-00C04F79EFBC}") = "Tyuiu.SafronovSV.Sprint2.Task7.V11.Lib", "Tyuiu.SafronovSV.Sprint2.Task7.V11.Lib\Tyuiu.SafronovSV.Sprint2.Task7.V11.Lib.csproj", "{BDEC847D-35B5-4D20-BEF6-AA8049BC5E41}"
EndProject
Project("{FAE04EC0-301F-11D3-BF4B-00C04F79EFBC}") = "Tyuiu.SafronovSV.Sprint2.Task7.V11.Test", "Tyuiu.SafronovSV.Sprint2.Task7.V11.Test\Tyuiu.SafronovSV.Sprint2.Task7.V11.Test.csproj", "{918D3223-0AA7-43B1-87FF-5470E7140DB3}"
EndProject
Global
	GlobalSection(SolutionConfigurationPlatforms) = preSolution
		Debug|Any CPU = Debug|Any CPU
		Release|Any CPU = Release|Any CPU
	EndGlobalSection
	GlobalSection(ProjectConfigurationPlatforms) = postSolution
		{97566855-E0F5-45A5-B018-058DD5811538}.Debug|Any CPU.ActiveCfg = Debug|Any CPU
		{97566855-E0F5-45A5-B018-058DD5811538}.Debug|Any CPU.Build.0 = Debug|Any CPU
		{97566855-E0F5-45A5-B018-058DD5811538}.Release|Any CPU.ActiveCfg = Release|Any CPU
		{97566855-E0F5-45A5-B018-058DD5811538}.Release|Any CPU.Build.0 = Release|Any CPU
		{F4185ACC-D700-444D-836F-ED4ED639E616}.Debug|Any CPU.ActiveCfg = Debug|Any CPU
		{F4185ACC-D700-444D-836F-ED4ED639E616}.Debug|Any CPU.Build.0 = Debug|Any CPU
		{F4185ACC-D700-444D-836F-ED4ED639E616}.Release|Any CPU.ActiveCfg = Release|Any CPU
		{F4185ACC-D700-444D-836F-ED4ED639E616}.Release|Any CPU.Build.0 = Release|Any CPU
		{0E4DC36C-4AAE-46DE-8AC9-BCA629115F68}.Debug|Any CPU.ActiveCfg = Debug|Any CPU
		{0E4DC36C-4AAE-46DE-8AC9-BCA629115F68}.Debug|Any CPU.Build.0 = Debug|Any CPU
		{0E4DC36C-4AAE-46DE-8AC9-BCA629115F68}.Release|Any CPU.ActiveCfg = Release|Any CPU
		{0E4DC36C-4AAE-46DE-8AC9-BCA629115F68}.Release|Any CPU.Build.0 = Release|Any CPU
		{2CD4E5AC-1762-40E3-9BE3-9F8FDCF67218}.Debug|Any CPU.ActiveCfg = Debug|Any CPU
		{2CD4E5AC-1762-40E3-9BE3-9F8FDCF67218}.Debug|Any CPU.Build.0 = Debug|Any CPU
		{2CD4E5AC-1762-40E3-9BE3-9F8FDCF67218}.Release|Any CPU.ActiveCfg = Release|Any CPU
		{2CD4E5AC-1762-40E3-9BE3-9F8FDCF67218}.Release|Any CPU.Build.0 = Release|Any CPU
		{F314E4EF-838B-4BF0-80FF-FCA21AB36C98}.Debug|Any CPU.ActiveCfg = Debug|Any CPU
		{F314E4EF-838B-4BF0-80FF-FCA21AB36C98}.Debug|Any CPU.Build.0 = Debug|Any CPU
		{F314E4EF-838B-4BF0-80FF-FCA21AB36C98}.Release|Any CPU.ActiveCfg = Release|Any CPU
		{F314E4EF-838B-4BF0-80FF-FCA21AB36C98}.Release|Any CPU.Build.0 = Release|Any CPU
		{7191D26D-7DD6-45E5-9A5F-270D2183F470}.Debug|Any CPU.ActiveCfg = Debug|Any CPU
		{7191D26D-7DD6-45E5-9A5F-270D2183F470}.Debug|Any CPU.Build.0 = Debug|Any CPU
		{7191D26D-7DD6-45E5-9A5F-270D2183F470}.Release|Any CPU.ActiveCfg = Release|Any CPU
		{7191D26D-7DD6-45E5-9A5F-270D2183F470}.Release|Any CPU.Build.0 = Release|Any CPU
		{15EBB81B-44F7-48C8-BA4A-56A224F1ECB0}.Debug|Any CPU.ActiveCfg = Debug|Any CPU
		{15EBB81B-44F7-48C8-BA4A-56A224F1ECB0}.Debug|Any CPU.Build.0 = Debug|Any CPU
		{15EBB81B-44F7-48C8-BA4A-56A224F1ECB0}.Release|Any CPU.ActiveCfg = Release|Any CPU
		{15EBB81B-44F7-48C8-BA4A-56A224F1ECB0}.Release|Any CPU.Build.0 = Release|Any CPU
		{71EAB9BE-2B24-4B0C-A37B-38FD4E1A27B8}.Debug|Any CPU.ActiveCfg = Debug|Any CPU
		{71EAB9BE-2B24-4B0C-A37B-38FD4E1A27B8}.Debug|Any CPU.Build.0 = Debug|Any CPU
		{71EAB9BE-2B24-4B0C-A37B-38FD4E1A27B8}.Release|Any CPU.ActiveCfg = Release|Any CPU
		{71EAB9BE-2B24-4B0C-A37B-38FD4E1A27B8}.Release|Any CPU.Build.0 = Release|Any CPU
		{B57D58DC-CF7F-4CD1-941C-82C7DDF34E39}.Debug|Any CPU.ActiveCfg = Debug|Any CPU
		{B57D58DC-CF7F-4CD1-941C-82C7DDF34E39}.Debug|Any CPU.Build.0 = Debug|Any CPU
		{B57D58DC-CF7F-4CD1-941C-82C7DDF34E39}.Release|Any CPU.ActiveCfg = Release|Any CPU
		{B57D58DC-CF7F-4CD1-941C-82C7DDF34E39}.Release|Any CPU.Build.0 = Release|Any CPU
		{BEC9BBA4-BDE1-4B4D-A604-D2A7578C4D4A}.Debug|Any CPU.ActiveCfg = Debug|Any CPU
		{BEC9BBA4-BDE1-4B4D-A604-D2A7578C4D4A}.Debug|Any CPU.Build.0 = Debug|Any CPU
		{BEC9BBA4-BDE1-4B4D-A604-D2A7578C4D4A}.Release|Any CPU.ActiveCfg = Release|Any CPU
		{BEC9BBA4-BDE1-4B4D-A604-D2A7578C4D4A}.Release|Any CPU.Build.0 = Release|Any CPU
		{FC629CAF-5940-4909-92F9-6B80C88A88DB}.Debug|Any CPU.ActiveCfg = Debug|Any CPU
		{FC629CAF-5940-4909-92F9-6B80C88A88DB}.Debug|Any CPU.Build.0 = Debug|Any CPU
		{FC629CAF-5940-4909-92F9-6B80C88A88DB}.Release|Any CPU.ActiveCfg = Release|Any CPU
		{FC629CAF-5940-4909-92F9-6B80C88A88DB}.Release|Any CPU.Build.0 = Release|Any CPU
		{E284A23B-9F13-4D7B-B4BF-E4299A93D5CE}.Debug|Any CPU.ActiveCfg = Debug|Any CPU
		{E284A23B-9F13-4D7B-B4BF-E4299A93D5CE}.Debug|Any CPU.Build.0 = Debug|Any CPU
		{E284A23B-9F13-4D7B-B4BF-E4299A93D5CE}.Release|Any CPU.ActiveCfg = Release|Any CPU
		{E284A23B-9F13-4D7B-B4BF-E4299A93D5CE}.Release|Any CPU.Build.0 = Release|Any CPU
		{6399F354-CCC6-43C4-805E-E1FA41CDE5AA}.Debug|Any CPU.ActiveCfg = Debug|Any CPU
		{6399F354-CCC6-43C4-805E-E1FA41CDE5AA}.Debug|Any CPU.Build.0 = Debug|Any CPU
		{6399F354-CCC6-43C4-805E-E1FA41CDE5AA}.Release|Any CPU.ActiveCfg = Release|Any CPU
		{6399F354-CCC6-43C4-805E-E1FA41CDE5AA}.Release|Any CPU.Build.0 = Release|Any CPU
		{51F46594-8EF8-4E4E-9460-4AB80242BDBF}.Debug|Any CPU.ActiveCfg = Debug|Any CPU
		{51F46594-8EF8-4E4E-9460-4AB80242BDBF}.Debug|Any CPU.Build.0 = Debug|Any CPU
		{51F46594-8EF8-4E4E-9460-4AB80242BDBF}.Release|Any CPU.ActiveCfg = Release|Any CPU
		{51F46594-8EF8-4E4E-9460-4AB80242BDBF}.Release|Any CPU.Build.0 = Release|Any CPU
		{E5624EC0-7C86-4FEE-80D1-686F91409DBD}.Debug|Any CPU.ActiveCfg = Debug|Any CPU
		{E5624EC0-7C86-4FEE-80D1-686F91409DBD}.Debug|Any CPU.Build.0 = Debug|Any CPU
		{E5624EC0-7C86-4FEE-80D1-686F91409DBD}.Release|Any CPU.ActiveCfg = Release|Any CPU
		{E5624EC0-7C86-4FEE-80D1-686F91409DBD}.Release|Any CPU.Build.0 = Release|Any CPU
		{A9F95FAC-10AC-4E95-B5D6-0434F79A4DFB}.Debug|Any CPU.ActiveCfg = Debug|Any CPU
		{A9F95FAC-10AC-4E95-B5D6-0434F79A4DFB}.Debug|Any CPU.Build.0 = Debug|Any CPU
		{A9F95FAC-10AC-4E95-B5D6-0434F79A4DFB}.Release|Any CPU.ActiveCfg = Release|Any CPU
		{A9F95FAC-10AC-4E95-B5D6-0434F79A4DFB}.Release|Any CPU.Build.0 = Release|Any CPU
		{108277CB-C1BA-4BFC-85DA-F6BD457F54E9}.Debug|Any CPU.ActiveCfg = Debug|Any CPU
		{108277CB-C1BA-4BFC-85DA-F6BD457F54E9}.Debug|Any CPU.Build.0 = Debug|Any CPU
		{108277CB-C1BA-4BFC-85DA-F6BD457F54E9}.Release|Any CPU.ActiveCfg = Release|Any CPU
		{108277CB-C1BA-4BFC-85DA-F6BD457F54E9}.Release|Any CPU.Build.0 = Release|Any CPU
		{106567D2-AB03-444F-A456-B1EA66205560}.Debug|Any CPU.ActiveCfg = Debug|Any CPU
		{106567D2-AB03-444F-A456-B1EA66205560}.Debug|Any CPU.Build.0 = Debug|Any CPU
		{106567D2-AB03-444F-A456-B1EA66205560}.Release|Any CPU.ActiveCfg = Release|Any CPU
		{106567D2-AB03-444F-A456-B1EA66205560}.Release|Any CPU.Build.0 = Release|Any CPU
		{5EBB52A3-993D-42A2-BAA9-DEEAF0C7FA97}.Debug|Any CPU.ActiveCfg = Debug|Any CPU
		{5EBB52A3-993D-42A2-BAA9-DEEAF0C7FA97}.Debug|Any CPU.Build.0 = Debug|Any CPU
		{5EBB52A3-993D-42A2-BAA9-DEEAF0C7FA97}.Release|Any CPU.ActiveCfg = Release|Any CPU
		{5EBB52A3-993D-42A2-BAA9-DEEAF0C7FA97}.Release|Any CPU.Build.0 = Release|Any CPU
		{E628DF9B-1DE1-45C0-872C-43EA43AC7BC2}.Debug|Any CPU.ActiveCfg = Debug|Any CPU
		{E628DF9B-1DE1-45C0-872C-43EA43AC7BC2}.Debug|Any CPU.Build.0 = Debug|Any CPU
		{E628DF9B-1DE1-45C0-872C-43EA43AC7BC2}.Release|Any CPU.ActiveCfg = Release|Any CPU
		{E628DF9B-1DE1-45C0-872C-43EA43AC7BC2}.Release|Any CPU.Build.0 = Release|Any CPU
		{0F6CB256-8BC7-4843-AADC-3AB8EC7E3455}.Debug|Any CPU.ActiveCfg = Debug|Any CPU
		{0F6CB256-8BC7-4843-AADC-3AB8EC7E3455}.Debug|Any CPU.Build.0 = Debug|Any CPU
		{0F6CB256-8BC7-4843-AADC-3AB8EC7E3455}.Release|Any CPU.ActiveCfg = Release|Any CPU
		{0F6CB256-8BC7-4843-AADC-3AB8EC7E3455}.Release|Any CPU.Build.0 = Release|Any CPU
		{BF75C436-9FFD-4583-BD7D-457F685A19EF}.Debug|Any CPU.ActiveCfg = Debug|Any CPU
		{BF75C436-9FFD-4583-BD7D-457F685A19EF}.Debug|Any CPU.Build.0 = Debug|Any CPU
		{BF75C436-9FFD-4583-BD7D-457F685A19EF}.Release|Any CPU.ActiveCfg = Release|Any CPU
		{BF75C436-9FFD-4583-BD7D-457F685A19EF}.Release|Any CPU.Build.0 = Release|Any CPU
		{BDEC847D-35B5-4D20-BEF6-AA8049BC5E41}.Debug|Any CPU.ActiveCfg = Debug|Any CPU
		{BDEC847D-35B5-4D20-BEF6-AA8049BC5E41}.Debug|Any CPU.Build.0 = Debug|Any CPU
		{BDEC847D-35B5-4D20-BEF6-AA8049BC5E41}.Release|Any CPU.ActiveCfg = Release|Any CPU
		{BDEC847D-35B5-4D20-BEF6-AA8049BC5E41}.Release|Any CPU.Build.0 = Release|Any CPU
		{918D3223-0AA7-43B1-87FF-5470E7140DB3}.Debug|Any CPU.ActiveCfg = Debug|Any CPU
		{918D3223-0AA7-43B1-87FF-5470E7140DB3}.Debug|Any CPU.Build.0 = Debug|Any CPU
		{918D3223-0AA7-43B1-87FF-5470E7140DB3}.Release|Any CPU.ActiveCfg = Release|Any CPU
		{918D3223-0AA7-43B1-87FF-5470E7140DB3}.Release|Any CPU.Build.0 = Release|Any CPU
	EndGlobalSection
	GlobalSection(SolutionProperties) = preSolution
		HideSolutionNode = FALSE
	EndGlobalSection
	GlobalSection(NestedProjects) = preSolution
		{97566855-E0F5-45A5-B018-058DD5811538} = {1C77B00C-9660-4AC6-AD80-BF0F6C1451C7}
		{F4185ACC-D700-444D-836F-ED4ED639E616} = {1C77B00C-9660-4AC6-AD80-BF0F6C1451C7}
		{0E4DC36C-4AAE-46DE-8AC9-BCA629115F68} = {1C77B00C-9660-4AC6-AD80-BF0F6C1451C7}
		{2CD4E5AC-1762-40E3-9BE3-9F8FDCF67218} = {0DD70B47-39B3-4A27-8529-6A3018BCA4BE}
		{F314E4EF-838B-4BF0-80FF-FCA21AB36C98} = {0DD70B47-39B3-4A27-8529-6A3018BCA4BE}
		{7191D26D-7DD6-45E5-9A5F-270D2183F470} = {0DD70B47-39B3-4A27-8529-6A3018BCA4BE}
		{15EBB81B-44F7-48C8-BA4A-56A224F1ECB0} = {8351CDA5-F43F-4AFC-86CB-B0F08A2713E8}
		{71EAB9BE-2B24-4B0C-A37B-38FD4E1A27B8} = {8351CDA5-F43F-4AFC-86CB-B0F08A2713E8}
		{B57D58DC-CF7F-4CD1-941C-82C7DDF34E39} = {8351CDA5-F43F-4AFC-86CB-B0F08A2713E8}
		{BEC9BBA4-BDE1-4B4D-A604-D2A7578C4D4A} = {DB398DF9-C145-4776-946A-24F2B821408D}
		{FC629CAF-5940-4909-92F9-6B80C88A88DB} = {DB398DF9-C145-4776-946A-24F2B821408D}
		{E284A23B-9F13-4D7B-B4BF-E4299A93D5CE} = {DB398DF9-C145-4776-946A-24F2B821408D}
		{6399F354-CCC6-43C4-805E-E1FA41CDE5AA} = {062363C0-C17A-4C3F-B18D-1A8CB6EDED80}
		{51F46594-8EF8-4E4E-9460-4AB80242BDBF} = {062363C0-C17A-4C3F-B18D-1A8CB6EDED80}
		{E5624EC0-7C86-4FEE-80D1-686F91409DBD} = {062363C0-C17A-4C3F-B18D-1A8CB6EDED80}
		{A9F95FAC-10AC-4E95-B5D6-0434F79A4DFB} = {F7B14C0E-A2D0-4BF1-9163-46DE89C31CD6}
		{108277CB-C1BA-4BFC-85DA-F6BD457F54E9} = {F7B14C0E-A2D0-4BF1-9163-46DE89C31CD6}
		{106567D2-AB03-444F-A456-B1EA66205560} = {F7B14C0E-A2D0-4BF1-9163-46DE89C31CD6}
		{5EBB52A3-993D-42A2-BAA9-DEEAF0C7FA97} = {25D0FB13-20F2-4C56-AF66-9DFBCFEC4046}
		{E628DF9B-1DE1-45C0-872C-43EA43AC7BC2} = {25D0FB13-20F2-4C56-AF66-9DFBCFEC4046}
		{0F6CB256-8BC7-4843-AADC-3AB8EC7E3455} = {25D0FB13-20F2-4C56-AF66-9DFBCFEC4046}
		{BF75C436-9FFD-4583-BD7D-457F685A19EF} = {0C19255E-A648-46C0-B33A-B9F5B70624BD}
		{BDEC847D-35B5-4D20-BEF6-AA8049BC5E41} = {0C19255E-A648-46C0-B33A-B9F5B70624BD}
		{918D3223-0AA7-43B1-87FF-5470E7140DB3} = {0C19255E-A648-46C0-B33A-B9F5B70624BD}
	EndGlobalSection
	GlobalSection(ExtensibilityGlobals) = postSolution
		SolutionGuid = {5AC197DF-890A-4F23-86A2-109CAE7E1F0B}
	EndGlobalSection
EndGlobal
